# This file is automatically @generated by Cargo.
# It is not intended for manual editing.
version = 4

[[package]]
name = "db-core"
version = "0.1.0"

[[package]]
name = "db-engine"
version = "0.1.0"
dependencies = [
 "db-core",
]

[[package]]
name = "rust-sql-db"
version = "0.1.0"
dependencies = [
 "db-core",
 "db-engine",
]
